
Microsoft Visual Studio Solution File, Format Version 12.00
# Visual Studio Version 16
VisualStudioVersion = 16.0.31702.278
MinimumVisualStudioVersion = 10.0.40219.1
Project("{FAE04EC0-301F-11D3-BF4B-00C04F79EFBC}") = "DataBaseSqlLiteFor_Is_19_03", "DataBaseSqlLiteFor_Is_19_03\DataBaseSqlLiteFor_Is_19_03.csproj", "{BD02F063-59C4-4B0E-BD14-B6889D0ACB4C}"
EndProject
Global
	GlobalSection(SolutionConfigurationPlatforms) = preSolution
		Debug|Any CPU = Debug|Any CPU
		Release|Any CPU = Release|Any CPU
	EndGlobalSection
	GlobalSection(ProjectConfigurationPlatforms) = postSolution
		{BD02F063-59C4-4B0E-BD14-B6889D0ACB4C}.Debug|Any CPU.ActiveCfg = Debug|Any CPU
		{BD02F063-59C4-4B0E-BD14-B6889D0ACB4C}.Debug|Any CPU.Build.0 = Debug|Any CPU
		{BD02F063-59C4-4B0E-BD14-B6889D0ACB4C}.Release|Any CPU.ActiveCfg = Release|Any CPU
		{BD02F063-59C4-4B0E-BD14-B6889D0ACB4C}.Release|Any CPU.Build.0 = Release|Any CPU
	EndGlobalSection
	GlobalSection(SolutionProperties) = preSolution
		HideSolutionNode = FALSE
	EndGlobalSection
	GlobalSection(ExtensibilityGlobals) = postSolution
		SolutionGuid = {92AAE555-7317-4A1D-8C22-17D3A8F6140D}
	EndGlobalSection
EndGlobal
